
Microsoft Visual Studio Solution File, Format Version 12.00
# Visual Studio Version 16
VisualStudioVersion = 16.0.29709.97
MinimumVisualStudioVersion = 10.0.40219.1
Project("{9A19103F-16F7-4668-BE54-9A1E7A4F7556}") = "WebApiCore3Swagger", "WebApiCore3Swagger\WebApiCore3Swagger.csproj", "{9213E17C-5CA4-485E-A648-CA5F0BAC9191}"
EndProject
Project("{9A19103F-16F7-4668-BE54-9A1E7A4F7556}") = "Adventure.Works._2012.dbContext", "Adventure.Works.2012.dbContext\Adventure.Works._2012.dbContext.csproj", "{83D02BAD-CEA9-4A82-BDF9-7FCD64B90201}"
EndProject
Project("{9A19103F-16F7-4668-BE54-9A1E7A4F7556}") = "TestLib", "TestLib\TestLib.csproj", "{D4C7EFB1-EC29-4143-8559-AC5F576999F3}"
EndProject
Project("{9A19103F-16F7-4668-BE54-9A1E7A4F7556}") = "MessageManager", "MessageManager\MessageManager.csproj", "{6E5C8837-0B95-4977-A163-F2D768E09A3A}"
EndProject
Project("{9A19103F-16F7-4668-BE54-9A1E7A4F7556}") = "EmployeeDB.Dal", "EmployeeDB.Dal\EmployeeDB.Dal.csproj", "{43CA7072-C47C-4B4A-971C-D57D4729DAAC}"
EndProject
Project("{9A19103F-16F7-4668-BE54-9A1E7A4F7556}") = "WebApiXuinitTest", "WebApiXuinitTest\WebApiXuinitTest.csproj", "{E841302D-D82B-4B96-8956-BE2130056968}"
EndProject
Project("{FAE04EC0-301F-11D3-BF4B-00C04F79EFBC}") = "XunitIntegrationTest", "XunitIntegrationTest\XunitIntegrationTest.csproj", "{85EFEB3C-6C7B-4681-8CA8-3DFBC389D6B0}"
EndProject
Global
	GlobalSection(SolutionConfigurationPlatforms) = preSolution
		Debug|Any CPU = Debug|Any CPU
		Release|Any CPU = Release|Any CPU
	EndGlobalSection
	GlobalSection(ProjectConfigurationPlatforms) = postSolution
		{9213E17C-5CA4-485E-A648-CA5F0BAC9191}.Debug|Any CPU.ActiveCfg = Debug|Any CPU
		{9213E17C-5CA4-485E-A648-CA5F0BAC9191}.Debug|Any CPU.Build.0 = Debug|Any CPU
		{9213E17C-5CA4-485E-A648-CA5F0BAC9191}.Release|Any CPU.ActiveCfg = Release|Any CPU
		{9213E17C-5CA4-485E-A648-CA5F0BAC9191}.Release|Any CPU.Build.0 = Release|Any CPU
		{83D02BAD-CEA9-4A82-BDF9-7FCD64B90201}.Debug|Any CPU.ActiveCfg = Debug|Any CPU
		{83D02BAD-CEA9-4A82-BDF9-7FCD64B90201}.Debug|Any CPU.Build.0 = Debug|Any CPU
		{83D02BAD-CEA9-4A82-BDF9-7FCD64B90201}.Release|Any CPU.ActiveCfg = Release|Any CPU
		{83D02BAD-CEA9-4A82-BDF9-7FCD64B90201}.Release|Any CPU.Build.0 = Release|Any CPU
		{D4C7EFB1-EC29-4143-8559-AC5F576999F3}.Debug|Any CPU.ActiveCfg = Debug|Any CPU
		{D4C7EFB1-EC29-4143-8559-AC5F576999F3}.Debug|Any CPU.Build.0 = Debug|Any CPU
		{D4C7EFB1-EC29-4143-8559-AC5F576999F3}.Release|Any CPU.ActiveCfg = Release|Any CPU
		{D4C7EFB1-EC29-4143-8559-AC5F576999F3}.Release|Any CPU.Build.0 = Release|Any CPU
		{6E5C8837-0B95-4977-A163-F2D768E09A3A}.Debug|Any CPU.ActiveCfg = Debug|Any CPU
		{6E5C8837-0B95-4977-A163-F2D768E09A3A}.Debug|Any CPU.Build.0 = Debug|Any CPU
		{6E5C8837-0B95-4977-A163-F2D768E09A3A}.Release|Any CPU.ActiveCfg = Release|Any CPU
		{6E5C8837-0B95-4977-A163-F2D768E09A3A}.Release|Any CPU.Build.0 = Release|Any CPU
		{43CA7072-C47C-4B4A-971C-D57D4729DAAC}.Debug|Any CPU.ActiveCfg = Debug|Any CPU
		{43CA7072-C47C-4B4A-971C-D57D4729DAAC}.Debug|Any CPU.Build.0 = Debug|Any CPU
		{43CA7072-C47C-4B4A-971C-D57D4729DAAC}.Release|Any CPU.ActiveCfg = Release|Any CPU
		{43CA7072-C47C-4B4A-971C-D57D4729DAAC}.Release|Any CPU.Build.0 = Release|Any CPU
		{E841302D-D82B-4B96-8956-BE2130056968}.Debug|Any CPU.ActiveCfg = Debug|Any CPU
		{E841302D-D82B-4B96-8956-BE2130056968}.Debug|Any CPU.Build.0 = Debug|Any CPU
		{E841302D-D82B-4B96-8956-BE2130056968}.Release|Any CPU.ActiveCfg = Release|Any CPU
		{E841302D-D82B-4B96-8956-BE2130056968}.Release|Any CPU.Build.0 = Release|Any CPU
		{85EFEB3C-6C7B-4681-8CA8-3DFBC389D6B0}.Debug|Any CPU.ActiveCfg = Debug|Any CPU
		{85EFEB3C-6C7B-4681-8CA8-3DFBC389D6B0}.Debug|Any CPU.Build.0 = Debug|Any CPU
		{85EFEB3C-6C7B-4681-8CA8-3DFBC389D6B0}.Release|Any CPU.ActiveCfg = Release|Any CPU
		{85EFEB3C-6C7B-4681-8CA8-3DFBC389D6B0}.Release|Any CPU.Build.0 = Release|Any CPU
	EndGlobalSection
	GlobalSection(SolutionProperties) = preSolution
		HideSolutionNode = FALSE
	EndGlobalSection
	GlobalSection(ExtensibilityGlobals) = postSolution
		SolutionGuid = {2DC08946-5EB9-4910-A845-6079A7F7F5E4}
	EndGlobalSection
EndGlobal
